<?xml version="1.0" encoding="utf-8"?>
<Project ToolsVersion="4.0" xmlns="http://schemas.microsoft.com/developer/msbuild/2003">
  <ItemGroup>
    <Filter Include="ソース ファイル">
      <UniqueIdentifier>{4FC737F1-C7A5-4376-A066-2A32D752A2FF}</UniqueIdentifier>
      <Extensions>cpp;c;cc;cxx;c++;cppm;ixx;def;odl;idl;hpj;bat;asm;asmx</Extensions>
    </Filter>
    <Filter Include="ヘッダー ファイル">
      <UniqueIdentifier>{93995380-89BD-4b04-88EB-625FBE52EBFB}</UniqueIdentifier>
      <Extensions>h;hh;hpp;hxx;h++;hm;inl;inc;ipp;xsd</Extensions>
    </Filter>
    <Filter Include="リソース ファイル">
      <UniqueIdentifier>{67DA6AB6-F800-4c08-8B7A-83BB121AAD01}</UniqueIdentifier>
      <Extensions>rc;ico;cur;bmp;dlg;rc2;rct;bin;rgs;gif;jpg;jpeg;jpe;resx;tiff;tif;png;wav;mfcribbon-ms</Extensions>
    </Filter>
    <Filter Include="ヘッダー ファイル\base">
      <UniqueIdentifier>{3db35133-1df3-494b-a49c-2c0c4509973d}</UniqueIdentifier>
    </Filter>
    <Filter Include="ヘッダー ファイル\graphics">
      <UniqueIdentifier>{971ad885-e50f-4954-af1c-d5e92377c4ea}</UniqueIdentifier>
    </Filter>
    <Filter Include="ヘッダー ファイル\debug">
      <UniqueIdentifier>{587289fe-e895-4dce-9691-b2d25e04b314}</UniqueIdentifier>
    </Filter>
    <Filter Include="ソース ファイル\base">
      <UniqueIdentifier>{444563ba-8c30-4225-b09e-14285a66457c}</UniqueIdentifier>
    </Filter>
    <Filter Include="ソース ファイル\debug">
      <UniqueIdentifier>{164489c5-793a-4c3f-b68e-a8061f6d9643}</UniqueIdentifier>
    </Filter>
    <Filter Include="ソース ファイル\graphics">
      <UniqueIdentifier>{1ee5a020-3271-46a6-911d-56a065b62572}</UniqueIdentifier>
    </Filter>
    <Filter Include="ソース ファイル\memory">
      <UniqueIdentifier>{aaf1b2b3-fccb-4cb4-8575-5582e90ec186}</UniqueIdentifier>
    </Filter>
    <Filter Include="ヘッダー ファイル\memory">
      <UniqueIdentifier>{02df326a-494a-4545-8f79-937439a35f29}</UniqueIdentifier>
    </Filter>
    <Filter Include="ソース ファイル\debug\performance">
      <UniqueIdentifier>{7a9a43c0-e4e6-4b20-8b5b-e2b236852236}</UniqueIdentifier>
    </Filter>
    <Filter Include="ヘッダー ファイル\debug\performance">
      <UniqueIdentifier>{51119c18-cfb9-40d5-9e18-227e7a788730}</UniqueIdentifier>
    </Filter>
    <Filter Include="ヘッダー ファイル\thread">
      <UniqueIdentifier>{af663afe-74c2-492d-8413-58fe774ea444}</UniqueIdentifier>
    </Filter>
    <Filter Include="ソース ファイル\thread">
      <UniqueIdentifier>{6acb165d-4a77-4d96-91e8-0e1ea981b026}</UniqueIdentifier>
    </Filter>
    <Filter Include="ヘッダー ファイル\container">
      <UniqueIdentifier>{d21d379e-6fbb-4ebc-8ccf-9d5905ca903e}</UniqueIdentifier>
    </Filter>
    <Filter Include="ヘッダー ファイル\graphics\common">
      <UniqueIdentifier>{acee1d37-3492-4975-8962-090da90b3ffc}</UniqueIdentifier>
    </Filter>
    <Filter Include="ヘッダー ファイル\graphics\internal">
      <UniqueIdentifier>{f632f701-0c95-4136-9dec-ae0f0af8fdc2}</UniqueIdentifier>
    </Filter>
    <Filter Include="ソース ファイル\graphics\common">
      <UniqueIdentifier>{d562b616-aaa5-4fc4-994d-730959c14eb3}</UniqueIdentifier>
    </Filter>
    <Filter Include="ソース ファイル\graphics\internal">
      <UniqueIdentifier>{cae8f0f8-d3d7-477a-881b-89f8e1b9a7dc}</UniqueIdentifier>
    </Filter>
    <Filter Include="ヘッダー ファイル\util">
      <UniqueIdentifier>{b45b0e71-4ccc-44b9-839d-35b404207fe6}</UniqueIdentifier>
    </Filter>
    <Filter Include="ソース ファイル\math">
      <UniqueIdentifier>{868ec1ba-70e4-49fb-89d5-3ff312e23d8a}</UniqueIdentifier>
    </Filter>
    <Filter Include="ヘッダー ファイル\math">
      <UniqueIdentifier>{73ca0d2a-2029-4ede-9c87-b6bc239d4a86}</UniqueIdentifier>
    </Filter>
    <Filter Include="ヘッダー ファイル\resource">
      <UniqueIdentifier>{b875716d-2051-4114-bcd3-cd8fdfb5eefa}</UniqueIdentifier>
    </Filter>
    <Filter Include="ソース ファイル\resource">
      <UniqueIdentifier>{4ace3e66-8ec3-4ebe-b528-c3817d3c3613}</UniqueIdentifier>
    </Filter>
    <Filter Include="ソース ファイル\common">
      <UniqueIdentifier>{d45a3c40-2cf5-4f86-bd61-86da456f3455}</UniqueIdentifier>
    </Filter>
    <Filter Include="ヘッダー ファイル\common">
      <UniqueIdentifier>{0f0d7b0d-fc4a-4993-b30b-f7086f4cb157}</UniqueIdentifier>
    </Filter>
    <Filter Include="ヘッダー ファイル\graphics\dev">
      <UniqueIdentifier>{463f9efc-ca13-4d94-9345-2e99d42de947}</UniqueIdentifier>
    </Filter>
    <Filter Include="ソース ファイル\graphics\dev">
      <UniqueIdentifier>{c9fc2c99-decb-4d01-8ad1-6d6bc67ec7a0}</UniqueIdentifier>
    </Filter>
    <Filter Include="ソース ファイル\image">
      <UniqueIdentifier>{fb487529-f8a9-4824-b494-a7748ffec721}</UniqueIdentifier>
    </Filter>
    <Filter Include="ヘッダー ファイル\image">
      <UniqueIdentifier>{b3ed5cce-dead-41bb-82ee-9d084406f505}</UniqueIdentifier>
    </Filter>
    <Filter Include="ソース ファイル\debug\text">
      <UniqueIdentifier>{48a9251e-7f6d-4407-a4d9-a825c6004ca2}</UniqueIdentifier>
    </Filter>
    <Filter Include="ヘッダー ファイル\debug\text">
      <UniqueIdentifier>{ee26823b-734f-4f52-bb92-efbd4a4f32c5}</UniqueIdentifier>
    </Filter>
    <Filter Include="ヘッダー ファイル\hid">
      <UniqueIdentifier>{f56c389c-025a-4c13-823d-54afa5b4c7e4}</UniqueIdentifier>
    </Filter>
    <Filter Include="ソース ファイル\hid">
      <UniqueIdentifier>{b7239569-2f0a-447c-8930-48eeb07e1ae0}</UniqueIdentifier>
    </Filter>
  </ItemGroup>
  <ItemGroup>
    <ClInclude Include="..\Include\belMain.h">
      <Filter>ヘッダー ファイル</Filter>
    </ClInclude>
    <ClInclude Include="..\Include\belPrecompile.h">
      <Filter>ヘッダー ファイル</Filter>
    </ClInclude>
    <ClInclude Include="..\Include\base\belApplication.h">
      <Filter>ヘッダー ファイル\base</Filter>
    </ClInclude>
    <ClInclude Include="..\Include\memory\belSingleton.h">
      <Filter>ヘッダー ファイル\memory</Filter>
    </ClInclude>
    <ClInclude Include="..\Include\base\belApplicationWindow.h">
      <Filter>ヘッダー ファイル\base</Filter>
    </ClInclude>
    <ClInclude Include="..\Include\base\belApplicationWindowWin.h">
      <Filter>ヘッダー ファイル\base</Filter>
    </ClInclude>
    <ClInclude Include="..\Include\belDefine.h">
      <Filter>ヘッダー ファイル</Filter>
    </ClInclude>
    <ClInclude Include="..\Include\debug\belConsole.h">
      <Filter>ヘッダー ファイル\debug</Filter>
    </ClInclude>
    <ClInclude Include="..\Include\debug\performance\belPerfTime.h">
      <Filter>ヘッダー ファイル\debug\performance</Filter>
    </ClInclude>
    <ClInclude Include="..\Include\thread\belThread.h">
      <Filter>ヘッダー ファイル\thread</Filter>
    </ClInclude>
    <ClInclude Include="..\Include\thread\belEvent.h">
      <Filter>ヘッダー ファイル\thread</Filter>
    </ClInclude>
    <ClInclude Include="..\Include\graphics\belGraphicsEngine.h">
      <Filter>ヘッダー ファイル\graphics</Filter>
    </ClInclude>
    <ClInclude Include="..\Include\graphics\belGraphicsEngineD3D.h">
      <Filter>ヘッダー ファイル\graphics</Filter>
    </ClInclude>
    <ClInclude Include="..\Include\container\belDeque.h">
      <Filter>ヘッダー ファイル\container</Filter>
    </ClInclude>
    <ClInclude Include="..\Include\container\belVector.h">
      <Filter>ヘッダー ファイル\container</Filter>
    </ClInclude>
    <ClInclude Include="..\Include\graphics\common\belGraphicsTexture.h">
      <Filter>ヘッダー ファイル\graphics\common</Filter>
    </ClInclude>
    <ClInclude Include="..\Include\util\belUtilEnum.h">
      <Filter>ヘッダー ファイル\util</Filter>
    </ClInclude>
    <ClInclude Include="..\Include\graphics\common\belGraphicsCommandList.h">
      <Filter>ヘッダー ファイル\graphics\common</Filter>
    </ClInclude>
    <ClInclude Include="..\Include\graphics\common\belGraphicsCommandType.h">
      <Filter>ヘッダー ファイル\graphics\common</Filter>
    </ClInclude>
    <ClInclude Include="..\Include\graphics\common\belGraphicsCommandQueue.h">
      <Filter>ヘッダー ファイル\graphics\common</Filter>
    </ClInclude>
    <ClInclude Include="..\Include\graphics\common\belGraphicsCommandContext.h">
      <Filter>ヘッダー ファイル\graphics\common</Filter>
    </ClInclude>
    <ClInclude Include="..\Include\graphics\common\belGraphicsTextureType.h">
      <Filter>ヘッダー ファイル\graphics\common</Filter>
    </ClInclude>
    <ClInclude Include="..\Include\graphics\common\belGraphicsRenderTarget.h">
      <Filter>ヘッダー ファイル\graphics\common</Filter>
    </ClInclude>
    <ClInclude Include="..\Include\math\belMath.h">
      <Filter>ヘッダー ファイル\math</Filter>
    </ClInclude>
    <ClInclude Include="..\Include\math\belVector2.h">
      <Filter>ヘッダー ファイル\math</Filter>
    </ClInclude>
    <ClInclude Include="..\Include\math\belVector2.inl.h">
      <Filter>ヘッダー ファイル\math</Filter>
    </ClInclude>
    <ClInclude Include="..\Include\math\belVector3.h">
      <Filter>ヘッダー ファイル\math</Filter>
    </ClInclude>
    <ClInclude Include="..\Include\math\belVector3.inl.h">
      <Filter>ヘッダー ファイル\math</Filter>
    </ClInclude>
    <ClInclude Include="..\Include\math\belVector4.h">
      <Filter>ヘッダー ファイル\math</Filter>
    </ClInclude>
    <ClInclude Include="..\Include\math\belVector4.inl.h">
      <Filter>ヘッダー ファイル\math</Filter>
    </ClInclude>
    <ClInclude Include="..\Include\math\belColor.h">
      <Filter>ヘッダー ファイル\math</Filter>
    </ClInclude>
    <ClInclude Include="..\Include\math\belColor.inl.h">
      <Filter>ヘッダー ファイル\math</Filter>
    </ClInclude>
    <ClInclude Include="..\Include\resource\belResourceLoader.h">
      <Filter>ヘッダー ファイル\resource</Filter>
    </ClInclude>
    <ClInclude Include="..\Include\resource\belResource.h">
      <Filter>ヘッダー ファイル\resource</Filter>
    </ClInclude>
    <ClInclude Include="..\Include\base\belIApplicationCallback.h">
      <Filter>ヘッダー ファイル\base</Filter>
    </ClInclude>
    <ClInclude Include="..\Include\resource\belResourceFactory.h">
      <Filter>ヘッダー ファイル\resource</Filter>
    </ClInclude>
    <ClInclude Include="..\Include\graphics\common\belGraphicsPipeline.h">
      <Filter>ヘッダー ファイル\graphics\common</Filter>
    </ClInclude>
    <ClInclude Include="..\Include\graphics\belGraphicsDefine.h">
      <Filter>ヘッダー ファイル\graphics</Filter>
    </ClInclude>
    <ClInclude Include="..\Include\graphics\common\belGraphicsMesh.h">
      <Filter>ヘッダー ファイル\graphics\common</Filter>
    </ClInclude>
    <ClInclude Include="..\Include\graphics\common\belGraphicsDepthStencil.h">
      <Filter>ヘッダー ファイル\graphics\common</Filter>
    </ClInclude>
    <ClInclude Include="..\Include\graphics\common\belGraphicsRenderBuffer.h">
      <Filter>ヘッダー ファイル\graphics\common</Filter>
    </ClInclude>
    <ClInclude Include="..\Include\common\belEnumFlags.h">
      <Filter>ヘッダー ファイル\common</Filter>
    </ClInclude>
    <ClInclude Include="..\Include\graphics\common\belGraphicsViewport.h">
      <Filter>ヘッダー ファイル\graphics\common</Filter>
    </ClInclude>
    <ClInclude Include="..\Include\graphics\common\belGraphicsTextureFormatInfo.h">
      <Filter>ヘッダー ファイル\graphics\common</Filter>
    </ClInclude>
    <ClInclude Include="..\Include\resource\belResourceShaderResource.h">
      <Filter>ヘッダー ファイル\resource</Filter>
    </ClInclude>
    <ClInclude Include="..\Include\graphics\common\belGraphicsConstantBuffer.h">
      <Filter>ヘッダー ファイル\graphics\common</Filter>
    </ClInclude>
    <ClInclude Include="..\Include\graphics\internal\belGraphicsGlobalDescriptorHandle.h">
      <Filter>ヘッダー ファイル\graphics\internal</Filter>
    </ClInclude>
    <ClInclude Include="..\Include\graphics\internal\belGraphicsGlobalDescriptorRegistry.h">
      <Filter>ヘッダー ファイル\graphics\internal</Filter>
    </ClInclude>
    <ClInclude Include="..\Include\math\belMatrix34.h">
      <Filter>ヘッダー ファイル\math</Filter>
    </ClInclude>
    <ClInclude Include="..\Include\math\belMatrix34.inl.h">
      <Filter>ヘッダー ファイル\math</Filter>
    </ClInclude>
    <ClInclude Include="..\Include\math\belRadian.h">
      <Filter>ヘッダー ファイル\math</Filter>
    </ClInclude>
    <ClInclude Include="..\Include\math\belDegree.h">
      <Filter>ヘッダー ファイル\math</Filter>
    </ClInclude>
    <ClInclude Include="..\Include\math\belMatrix44.inl.h">
      <Filter>ヘッダー ファイル\math</Filter>
    </ClInclude>
    <ClInclude Include="..\Include\math\belMatrix44.h">
      <Filter>ヘッダー ファイル\math</Filter>
    </ClInclude>
    <ClInclude Include="..\Include\graphics\dev\belGraphicsDevMeshHolder.h">
      <Filter>ヘッダー ファイル\graphics\dev</Filter>
    </ClInclude>
    <ClInclude Include="..\Include\graphics\common\belGraphicsDynamicDescriptorHandle.h">
      <Filter>ヘッダー ファイル\graphics\common</Filter>
    </ClInclude>
    <ClInclude Include="..\Include\graphics\common\belGraphicsDynamicDescriptorHeap.h">
      <Filter>ヘッダー ファイル\graphics\common</Filter>
    </ClInclude>
    <ClInclude Include="..\Include\common\belOptionParser.h">
      <Filter>ヘッダー ファイル\common</Filter>
    </ClInclude>
    <ClInclude Include="..\Include\image\belImage.h">
      <Filter>ヘッダー ファイル\image</Filter>
    </ClInclude>
    <ClInclude Include="..\Include\resource\belResourceTexture.h">
      <Filter>ヘッダー ファイル\resource</Filter>
    </ClInclude>
    <ClInclude Include="..\Include\graphics\internal\belGraphicsTextureCopyQueue.h">
      <Filter>ヘッダー ファイル\graphics\internal</Filter>
    </ClInclude>
    <ClInclude Include="..\Include\debug\text\belDebugTextRender.h">
      <Filter>ヘッダー ファイル\debug\text</Filter>
    </ClInclude>
    <ClInclude Include="..\Include\graphics\common\belGraphicsBlendType.h">
      <Filter>ヘッダー ファイル\graphics\common</Filter>
    </ClInclude>
    <ClInclude Include="..\Include\resource\belSystemResourceHolder.h">
      <Filter>ヘッダー ファイル\resource</Filter>
    </ClInclude>
    <ClInclude Include="..\Include\hid\belController.h">
      <Filter>ヘッダー ファイル\hid</Filter>
    </ClInclude>
    <ClInclude Include="..\Include\hid\belControllerButtonType.h">
      <Filter>ヘッダー ファイル\hid</Filter>
    </ClInclude>
    <ClInclude Include="..\Include\common\belIModule.h">
      <Filter>ヘッダー ファイル\common</Filter>
    </ClInclude>
    <ClInclude Include="..\Include\hid\belHidModule.h">
      <Filter>ヘッダー ファイル\hid</Filter>
    </ClInclude>
    <ClInclude Include="..\Include\graphics\common\belGraphicsDynamicTextureResource.h">
      <Filter>ヘッダー ファイル\graphics\common</Filter>
    </ClInclude>
    <ClInclude Include="..\Include\memory\belMemoryBlockAllocator.h">
      <Filter>ヘッダー ファイル\memory</Filter>
    </ClInclude>
    <ClInclude Include="..\Include\container\belList.h">
      <Filter>ヘッダー ファイル\container</Filter>
    </ClInclude>
  </ItemGroup>
  <ItemGroup>
    <ClCompile Include="..\Source\belMain.cpp">
      <Filter>ソース ファイル</Filter>
    </ClCompile>
    <ClCompile Include="..\Source\base\belApplication.cpp">
      <Filter>ソース ファイル\base</Filter>
    </ClCompile>
    <ClCompile Include="..\Source\base\belApplicationWindow.cpp">
      <Filter>ソース ファイル\base</Filter>
    </ClCompile>
    <ClCompile Include="..\Source\base\belApplicationWindowWin.cpp">
      <Filter>ソース ファイル\base</Filter>
    </ClCompile>
    <ClCompile Include="..\Source\debug\belConsole.cpp">
      <Filter>ソース ファイル\debug</Filter>
    </ClCompile>
    <ClCompile Include="..\Source\debug\performance\belPerfTime.cpp">
      <Filter>ソース ファイル\debug\performance</Filter>
    </ClCompile>
    <ClCompile Include="..\Source\thread\belThread.cpp">
      <Filter>ソース ファイル\thread</Filter>
    </ClCompile>
    <ClCompile Include="..\Source\thread\belEvent.cpp">
      <Filter>ソース ファイル\thread</Filter>
    </ClCompile>
    <ClCompile Include="..\Source\graphics\belGraphicsEngineD3D.cpp">
      <Filter>ソース ファイル\graphics</Filter>
    </ClCompile>
    <ClCompile Include="..\Source\graphics\belGraphicsEngine.cpp">
      <Filter>ソース ファイル\graphics</Filter>
    </ClCompile>
    <ClCompile Include="..\Source\graphics\common\belGraphicsTexture.cpp">
      <Filter>ソース ファイル\graphics\common</Filter>
    </ClCompile>
    <ClCompile Include="..\Source\graphics\common\belGraphicsCommandList.cpp">
      <Filter>ソース ファイル\graphics\common</Filter>
    </ClCompile>
    <ClCompile Include="..\Source\graphics\common\belGraphicsCommandQueue.cpp">
      <Filter>ソース ファイル\graphics\common</Filter>
    </ClCompile>
    <ClCompile Include="..\Source\graphics\common\belGraphicsCommandContext.cpp">
      <Filter>ソース ファイル\graphics\common</Filter>
    </ClCompile>
    <ClCompile Include="..\Source\graphics\common\belGraphicsRenderTarget.cpp">
      <Filter>ソース ファイル\graphics\common</Filter>
    </ClCompile>
    <ClCompile Include="..\Source\math\belVector3.cpp">
      <Filter>ソース ファイル\math</Filter>
    </ClCompile>
    <ClCompile Include="..\Source\math\belVector4.cpp">
      <Filter>ソース ファイル\math</Filter>
    </ClCompile>
    <ClCompile Include="..\Source\math\belColor.cpp">
      <Filter>ソース ファイル\math</Filter>
    </ClCompile>
    <ClCompile Include="..\Source\resource\belResourceLoader.cpp">
      <Filter>ソース ファイル\resource</Filter>
    </ClCompile>
    <ClCompile Include="..\Source\resource\belResource.cpp">
      <Filter>ソース ファイル\resource</Filter>
    </ClCompile>
    <ClCompile Include="..\Source\graphics\common\belGraphicsPipeline.cpp">
      <Filter>ソース ファイル\graphics\common</Filter>
    </ClCompile>
    <ClCompile Include="..\Source\graphics\common\belGraphicsMesh.cpp">
      <Filter>ソース ファイル\graphics\common</Filter>
    </ClCompile>
    <ClCompile Include="..\Source\graphics\common\belGraphicsDepthStencil.cpp">
      <Filter>ソース ファイル\graphics\common</Filter>
    </ClCompile>
    <ClCompile Include="..\Source\graphics\common\belGraphicsRenderBuffer.cpp">
      <Filter>ソース ファイル\graphics\common</Filter>
    </ClCompile>
    <ClCompile Include="..\Source\graphics\common\belGraphicsViewport.cpp">
      <Filter>ソース ファイル\graphics\common</Filter>
    </ClCompile>
    <ClCompile Include="..\Source\resource\belResourceShaderResource.cpp">
      <Filter>ソース ファイル\resource</Filter>
    </ClCompile>
    <ClCompile Include="..\Source\graphics\common\belGraphicsConstantBuffer.cpp">
      <Filter>ソース ファイル\graphics\common</Filter>
    </ClCompile>
    <ClCompile Include="..\Source\graphics\internal\belGraphicsGlobalDescriptorHandle.cpp">
      <Filter>ソース ファイル\graphics\internal</Filter>
    </ClCompile>
    <ClCompile Include="..\Source\graphics\internal\belGraphicsGlobalDescriptorRegistry.cpp">
      <Filter>ソース ファイル\graphics\internal</Filter>
    </ClCompile>
    <ClCompile Include="..\Source\math\belRadian.cpp">
      <Filter>ソース ファイル\math</Filter>
    </ClCompile>
    <ClCompile Include="..\Source\math\belDegree.cpp">
      <Filter>ソース ファイル\math</Filter>
    </ClCompile>
    <ClCompile Include="..\Source\graphics\dev\belGraphicsDevMeshHolder.cpp">
      <Filter>ソース ファイル\graphics\dev</Filter>
    </ClCompile>
    <ClCompile Include="..\Source\graphics\common\belGraphicsDynamicDescriptorHandle.cpp">
      <Filter>ソース ファイル\graphics\common</Filter>
    </ClCompile>
    <ClCompile Include="..\Source\graphics\common\belGraphicsDynamicDescriptorHeap.cpp">
      <Filter>ソース ファイル\graphics\common</Filter>
    </ClCompile>
    <ClCompile Include="..\Source\common\belOptionParser.cpp">
      <Filter>ソース ファイル\common</Filter>
    </ClCompile>
    <ClCompile Include="..\Source\image\belImage.cpp">
      <Filter>ソース ファイル\image</Filter>
    </ClCompile>
    <ClCompile Include="..\Source\resource\belResourceTexture.cpp">
      <Filter>ソース ファイル\resource</Filter>
    </ClCompile>
    <ClCompile Include="..\Source\graphics\internal\belGraphicsTextureCopyQueue.cpp">
      <Filter>ソース ファイル\graphics\internal</Filter>
    </ClCompile>
    <ClCompile Include="..\Source\debug\text\belDebugTextRender.cpp">
      <Filter>ソース ファイル\debug\text</Filter>
    </ClCompile>
    <ClCompile Include="..\Source\resource\belSystemResourceHolder.cpp">
      <Filter>ソース ファイル\resource</Filter>
    </ClCompile>
    <ClCompile Include="..\Source\hid\belController.cpp">
      <Filter>ソース ファイル\hid</Filter>
    </ClCompile>
    <ClCompile Include="..\Source\hid\belHidModule.cpp">
      <Filter>ソース ファイル\hid</Filter>
    </ClCompile>
    <ClCompile Include="..\Source\graphics\common\belGraphicsDynamicTextureResource.cpp">
      <Filter>ソース ファイル\graphics\common</Filter>
    </ClCompile>
    <ClCompile Include="..\Source\memory\belMemoryBlockAllocator.cpp">
      <Filter>ソース ファイル\memory</Filter>
    </ClCompile>
  </ItemGroup>
  <ItemGroup>
    <None Include="packages.config" />
  </ItemGroup>
</Project>