<?xml version="1.0" encoding="utf-8"?>
<Project ToolsVersion="4.0" xmlns="http://schemas.microsoft.com/developer/msbuild/2003">
  <ItemGroup>
    <Filter Include="ソース ファイル">
      <UniqueIdentifier>{4FC737F1-C7A5-4376-A066-2A32D752A2FF}</UniqueIdentifier>
      <Extensions>cpp;c;cc;cxx;c++;cppm;ixx;def;odl;idl;hpj;bat;asm;asmx</Extensions>
    </Filter>
    <Filter Include="ヘッダー ファイル">
      <UniqueIdentifier>{93995380-89BD-4b04-88EB-625FBE52EBFB}</UniqueIdentifier>
      <Extensions>h;hh;hpp;hxx;h++;hm;inl;inc;ipp;xsd</Extensions>
    </Filter>
    <Filter Include="リソース ファイル">
      <UniqueIdentifier>{67DA6AB6-F800-4c08-8B7A-83BB121AAD01}</UniqueIdentifier>
      <Extensions>rc;ico;cur;bmp;dlg;rc2;rct;bin;rgs;gif;jpg;jpeg;jpe;resx;tiff;tif;png;wav;mfcribbon-ms</Extensions>
    </Filter>
    <Filter Include="ヘッダー ファイル\math">
      <UniqueIdentifier>{6c11fb32-dd30-4cb8-9123-7a7f23b70ae6}</UniqueIdentifier>
    </Filter>
    <Filter Include="ヘッダー ファイル\platform">
      <UniqueIdentifier>{9ec321df-e645-478e-960f-30bf0fc75593}</UniqueIdentifier>
    </Filter>
    <Filter Include="ヘッダー ファイル\io">
      <UniqueIdentifier>{8dbe2fd3-8265-41a3-8216-19b7e1ed13c9}</UniqueIdentifier>
    </Filter>
    <Filter Include="ヘッダー ファイル\memory">
      <UniqueIdentifier>{3f3fecc8-55c2-41f6-9447-d81525ca15f9}</UniqueIdentifier>
    </Filter>
    <Filter Include="ソース ファイル\io">
      <UniqueIdentifier>{69145b4b-0ec0-4304-90d9-5c432f9ab59f}</UniqueIdentifier>
    </Filter>
    <Filter Include="ソース ファイル\math">
      <UniqueIdentifier>{06322d65-5272-47f1-bb03-838bab616e50}</UniqueIdentifier>
    </Filter>
    <Filter Include="ソース ファイル\platform">
      <UniqueIdentifier>{8061f65c-cf0d-44e7-99f0-a9a80a8ec224}</UniqueIdentifier>
    </Filter>
    <Filter Include="ソース ファイル\gfx">
      <UniqueIdentifier>{1d20d872-fd65-4336-a12f-70b461880435}</UniqueIdentifier>
    </Filter>
    <Filter Include="ヘッダー ファイル\gfx">
      <UniqueIdentifier>{b8c7798d-2086-4eb7-a4ca-d774a2a54888}</UniqueIdentifier>
    </Filter>
    <Filter Include="ヘッダー ファイル\gfx\core">
      <UniqueIdentifier>{f2bdf74f-bf20-442a-9597-76648b9ae5b3}</UniqueIdentifier>
    </Filter>
    <Filter Include="ソース ファイル\gfx\core">
      <UniqueIdentifier>{f8f1a231-7d97-4c42-a82c-19d3a57e9cbe}</UniqueIdentifier>
    </Filter>
  </ItemGroup>
  <ItemGroup>
    <ClInclude Include="..\Include\math\belVector2.h">
      <Filter>ヘッダー ファイル\math</Filter>
    </ClInclude>
    <ClInclude Include="..\Include\belMain.h">
      <Filter>ヘッダー ファイル</Filter>
    </ClInclude>
    <ClInclude Include="..\Include\platform\belPlatform.h">
      <Filter>ヘッダー ファイル\platform</Filter>
    </ClInclude>
    <ClInclude Include="..\Include\io\belErrorWindow.h">
      <Filter>ヘッダー ファイル\io</Filter>
    </ClInclude>
    <ClInclude Include="..\Include\memory\belSingleton.h">
      <Filter>ヘッダー ファイル\memory</Filter>
    </ClInclude>
    <ClInclude Include="..\Include\gfx\belGraphics.h">
      <Filter>ヘッダー ファイル\gfx</Filter>
    </ClInclude>
    <ClInclude Include="..\Include\belDefine.h">
      <Filter>ヘッダー ファイル</Filter>
    </ClInclude>
    <ClInclude Include="..\Include\belPrecompile.h">
      <Filter>ヘッダー ファイル</Filter>
    </ClInclude>
    <ClInclude Include="..\Include\gfx\core\belCommandQueue.h">
      <Filter>ヘッダー ファイル\gfx\core</Filter>
    </ClInclude>
    <ClInclude Include="..\Include\gfx\core\belCommandList.h">
      <Filter>ヘッダー ファイル\gfx\core</Filter>
    </ClInclude>
    <ClInclude Include="..\Include\math\belColor.h">
      <Filter>ヘッダー ファイル\math</Filter>
    </ClInclude>
    <ClInclude Include="..\Include\gfx\core\belTexture.h">
      <Filter>ヘッダー ファイル\gfx\core</Filter>
    </ClInclude>
    <ClInclude Include="..\Include\gfx\core\belRenderTarget.h">
      <Filter>ヘッダー ファイル\gfx\core</Filter>
    </ClInclude>
    <ClInclude Include="..\Include\gfx\core\belShader.h">
      <Filter>ヘッダー ファイル\gfx\core</Filter>
    </ClInclude>
    <ClInclude Include="..\Include\gfx\core\belPipelineState.h">
      <Filter>ヘッダー ファイル\gfx\core</Filter>
    </ClInclude>
    <ClInclude Include="..\Include\gfx\core\belTextureDescriptorRegistry.h">
      <Filter>ヘッダー ファイル\gfx\core</Filter>
    </ClInclude>
    <ClInclude Include="..\Include\gfx\core\belTextureDescriptorHandle.h">
      <Filter>ヘッダー ファイル\gfx\core</Filter>
    </ClInclude>
    <ClInclude Include="..\Include\gfx\core\belRootSignature.h">
      <Filter>ヘッダー ファイル\gfx\core</Filter>
    </ClInclude>
    <ClInclude Include="..\Include\gfx\core\belPipelineStateContext.h">
      <Filter>ヘッダー ファイル\gfx\core</Filter>
    </ClInclude>
  </ItemGroup>
  <ItemGroup>
    <ClCompile Include="..\Source\platform\belPlatform.cpp">
      <Filter>ソース ファイル\platform</Filter>
    </ClCompile>
    <ClCompile Include="..\Source\belMain.cpp">
      <Filter>ソース ファイル</Filter>
    </ClCompile>
    <ClCompile Include="..\Source\io\belErrorWindow.cpp">
      <Filter>ソース ファイル\io</Filter>
    </ClCompile>
    <ClCompile Include="..\Source\gfx\belGraphics.cpp">
      <Filter>ソース ファイル\gfx</Filter>
    </ClCompile>
    <ClCompile Include="..\Source\gfx\core\belCommandQueue.cpp">
      <Filter>ソース ファイル\gfx\core</Filter>
    </ClCompile>
    <ClCompile Include="..\Source\gfx\core\belCommandList.cpp">
      <Filter>ソース ファイル\gfx\core</Filter>
    </ClCompile>
    <ClCompile Include="..\Source\gfx\core\belTexture.cpp">
      <Filter>ソース ファイル\gfx\core</Filter>
    </ClCompile>
    <ClCompile Include="..\Source\gfx\core\belRenderTarget.cpp">
      <Filter>ソース ファイル\gfx\core</Filter>
    </ClCompile>
    <ClCompile Include="..\Source\gfx\core\belShader.cpp">
      <Filter>ソース ファイル\gfx\core</Filter>
    </ClCompile>
    <ClCompile Include="..\Source\gfx\core\belPipelineState.cpp">
      <Filter>ソース ファイル\gfx\core</Filter>
    </ClCompile>
    <ClCompile Include="..\Source\gfx\core\belTextureDescriptorRegistry.cpp">
      <Filter>ソース ファイル\gfx\core</Filter>
    </ClCompile>
    <ClCompile Include="..\Source\gfx\core\belTextureDescriptorHandle.cpp">
      <Filter>ソース ファイル\gfx\core</Filter>
    </ClCompile>
    <ClCompile Include="..\Source\gfx\core\belRootSignature.cpp">
      <Filter>ソース ファイル\gfx\core</Filter>
    </ClCompile>
    <ClCompile Include="..\Source\gfx\core\belPipelineStateContext.cpp">
      <Filter>ソース ファイル\gfx\core</Filter>
    </ClCompile>
  </ItemGroup>
</Project>